// !$*UTF8*$!
{
	archiveVersion = 1;
	classes = {
	};
	objectVersion = 46;
	objects = {

/* Begin PBXBuildFile section */
		6A0210A71EFDC797001E8F5B /* AppDelegate.swift in Sources */ = {isa = PBXBuildFile; fileRef = 6A0210A61EFDC797001E8F5B /* AppDelegate.swift */; };
		6A0210A91EFDC797001E8F5B /* ViewController.swift in Sources */ = {isa = PBXBuildFile; fileRef = 6A0210A81EFDC797001E8F5B /* ViewController.swift */; };
		6A0210AC1EFDC797001E8F5B /* Main.storyboard in Resources */ = {isa = PBXBuildFile; fileRef = 6A0210AA1EFDC797001E8F5B /* Main.storyboard */; };
		6A0210AE1EFDC797001E8F5B /* Assets.xcassets in Resources */ = {isa = PBXBuildFile; fileRef = 6A0210AD1EFDC797001E8F5B /* Assets.xcassets */; };
		6A0210B11EFDC797001E8F5B /* LaunchScreen.storyboard in Resources */ = {isa = PBXBuildFile; fileRef = 6A0210AF1EFDC797001E8F5B /* LaunchScreen.storyboard */; };
		6A0210BB1EFDC7E3001E8F5B /* TGRefreshSwift.bundle in Resources */ = {isa = PBXBuildFile; fileRef = 6A0210B91EFDC7E3001E8F5B /* TGRefreshSwift.bundle */; };
		6A0210BC1EFDC7E3001E8F5B /* TGRefreshSwift.swift in Sources */ = {isa = PBXBuildFile; fileRef = 6A0210BA1EFDC7E3001E8F5B /* TGRefreshSwift.swift */; };
		6A6C64F51F024888000C28E8 /* TGAudioEqualizer.swift in Sources */ = {isa = PBXBuildFile; fileRef = 6A6C64D01F024888000C28E8 /* TGAudioEqualizer.swift */; };
		6A6C64F61F024888000C28E8 /* TGBallBeat.swift in Sources */ = {isa = PBXBuildFile; fileRef = 6A6C64D11F024888000C28E8 /* TGBallBeat.swift */; };
		6A6C64F71F024888000C28E8 /* TGBallClipRotate.swift in Sources */ = {isa = PBXBuildFile; fileRef = 6A6C64D21F024888000C28E8 /* TGBallClipRotate.swift */; };
		6A6C64F81F024888000C28E8 /* TGBallClipRotateMultiple.swift in Sources */ = {isa = PBXBuildFile; fileRef = 6A6C64D31F024888000C28E8 /* TGBallClipRotateMultiple.swift */; };
		6A6C64F91F024888000C28E8 /* TGBallClipRotatePulse.swift in Sources */ = {isa = PBXBuildFile; fileRef = 6A6C64D41F024888000C28E8 /* TGBallClipRotatePulse.swift */; };
		6A6C64FA1F024888000C28E8 /* TGBallGridBeat.swift in Sources */ = {isa = PBXBuildFile; fileRef = 6A6C64D51F024888000C28E8 /* TGBallGridBeat.swift */; };
		6A6C64FB1F024888000C28E8 /* TGBallGridPulse.swift in Sources */ = {isa = PBXBuildFile; fileRef = 6A6C64D61F024888000C28E8 /* TGBallGridPulse.swift */; };
		6A6C64FC1F024888000C28E8 /* TGBallPulse.swift in Sources */ = {isa = PBXBuildFile; fileRef = 6A6C64D71F024888000C28E8 /* TGBallPulse.swift */; };
		6A6C64FD1F024888000C28E8 /* TGBallPulseRise.swift in Sources */ = {isa = PBXBuildFile; fileRef = 6A6C64D81F024888000C28E8 /* TGBallPulseRise.swift */; };
		6A6C64FE1F024888000C28E8 /* TGBallPulseSync.swift in Sources */ = {isa = PBXBuildFile; fileRef = 6A6C64D91F024888000C28E8 /* TGBallPulseSync.swift */; };
		6A6C64FF1F024888000C28E8 /* TGBallRotate.swift in Sources */ = {isa = PBXBuildFile; fileRef = 6A6C64DA1F024888000C28E8 /* TGBallRotate.swift */; };
		6A6C65001F024888000C28E8 /* TGBallRotateChase.swift in Sources */ = {isa = PBXBuildFile; fileRef = 6A6C64DB1F024888000C28E8 /* TGBallRotateChase.swift */; };
		6A6C65011F024888000C28E8 /* TGBallScale.swift in Sources */ = {isa = PBXBuildFile; fileRef = 6A6C64DC1F024888000C28E8 /* TGBallScale.swift */; };
		6A6C65021F024888000C28E8 /* TGBallScaleMultiple.swift in Sources */ = {isa = PBXBuildFile; fileRef = 6A6C64DD1F024888000C28E8 /* TGBallScaleMultiple.swift */; };
		6A6C65031F024888000C28E8 /* TGBallScaleRipple.swift in Sources */ = {isa = PBXBuildFile; fileRef = 6A6C64DE1F024888000C28E8 /* TGBallScaleRipple.swift */; };
		6A6C65041F024888000C28E8 /* TGBallScaleRippleMultiple.swift in Sources */ = {isa = PBXBuildFile; fileRef = 6A6C64DF1F024888000C28E8 /* TGBallScaleRippleMultiple.swift */; };
		6A6C65051F024888000C28E8 /* TGBallSpinFadeLoader.swift in Sources */ = {isa = PBXBuildFile; fileRef = 6A6C64E01F024888000C28E8 /* TGBallSpinFadeLoader.swift */; };
		6A6C65061F024888000C28E8 /* TGBallTrianglePath.swift in Sources */ = {isa = PBXBuildFile; fileRef = 6A6C64E11F024888000C28E8 /* TGBallTrianglePath.swift */; };
		6A6C65071F024888000C28E8 /* TGBallZigZag.swift in Sources */ = {isa = PBXBuildFile; fileRef = 6A6C64E21F024888000C28E8 /* TGBallZigZag.swift */; };
		6A6C65081F024888000C28E8 /* TGBallZigZagDeflect.swift in Sources */ = {isa = PBXBuildFile; fileRef = 6A6C64E31F024888000C28E8 /* TGBallZigZagDeflect.swift */; };
		6A6C65091F024888000C28E8 /* TGBlank.swift in Sources */ = {isa = PBXBuildFile; fileRef = 6A6C64E41F024888000C28E8 /* TGBlank.swift */; };
		6A6C650A1F024888000C28E8 /* TGCubeTransition.swift in Sources */ = {isa = PBXBuildFile; fileRef = 6A6C64E51F024888000C28E8 /* TGCubeTransition.swift */; };
		6A6C650B1F024888000C28E8 /* TGLineCursor.swift in Sources */ = {isa = PBXBuildFile; fileRef = 6A6C64E61F024888000C28E8 /* TGLineCursor.swift */; };
		6A6C650C1F024888000C28E8 /* TGLineScale.swift in Sources */ = {isa = PBXBuildFile; fileRef = 6A6C64E71F024888000C28E8 /* TGLineScale.swift */; };
		6A6C650D1F024888000C28E8 /* TGLineScaleParty.swift in Sources */ = {isa = PBXBuildFile; fileRef = 6A6C64E81F024888000C28E8 /* TGLineScaleParty.swift */; };
		6A6C650E1F024888000C28E8 /* TGLineScalePulseOut.swift in Sources */ = {isa = PBXBuildFile; fileRef = 6A6C64E91F024888000C28E8 /* TGLineScalePulseOut.swift */; };
		6A6C650F1F024888000C28E8 /* TGLineScalePulseOutRapid.swift in Sources */ = {isa = PBXBuildFile; fileRef = 6A6C64EA1F024888000C28E8 /* TGLineScalePulseOutRapid.swift */; };
		6A6C65101F024888000C28E8 /* TGLineSpinFadeLoader.swift in Sources */ = {isa = PBXBuildFile; fileRef = 6A6C64EB1F024888000C28E8 /* TGLineSpinFadeLoader.swift */; };
		6A6C65111F024888000C28E8 /* TGOrbit.swift in Sources */ = {isa = PBXBuildFile; fileRef = 6A6C64EC1F024888000C28E8 /* TGOrbit.swift */; };
		6A6C65121F024888000C28E8 /* TGPacman.swift in Sources */ = {isa = PBXBuildFile; fileRef = 6A6C64ED1F024888000C28E8 /* TGPacman.swift */; };
		6A6C65131F024888000C28E8 /* TGSemiCircleSpin.swift in Sources */ = {isa = PBXBuildFile; fileRef = 6A6C64EE1F024888000C28E8 /* TGSemiCircleSpin.swift */; };
		6A6C65141F024888000C28E8 /* TGSquareGridPulse.swift in Sources */ = {isa = PBXBuildFile; fileRef = 6A6C64EF1F024888000C28E8 /* TGSquareGridPulse.swift */; };
		6A6C65151F024888000C28E8 /* TGSquarePulse.swift in Sources */ = {isa = PBXBuildFile; fileRef = 6A6C64F01F024888000C28E8 /* TGSquarePulse.swift */; };
		6A6C65161F024888000C28E8 /* TGSquareSpin.swift in Sources */ = {isa = PBXBuildFile; fileRef = 6A6C64F11F024888000C28E8 /* TGSquareSpin.swift */; };
		6A6C65171F024888000C28E8 /* TGTriangleSkewSpin.swift in Sources */ = {isa = PBXBuildFile; fileRef = 6A6C64F21F024888000C28E8 /* TGTriangleSkewSpin.swift */; };
		6A6C65181F024888000C28E8 /* TGWindows.swift in Sources */ = {isa = PBXBuildFile; fileRef = 6A6C64F31F024888000C28E8 /* TGWindows.swift */; };
		6A6C65191F024888000C28E8 /* TGIndicator.swift in Sources */ = {isa = PBXBuildFile; fileRef = 6A6C64F41F024888000C28E8 /* TGIndicator.swift */; };
		6A6C651D1F030D66000C28E8 /* TGLineOrderbyAsc.swift in Sources */ = {isa = PBXBuildFile; fileRef = 6A6C651C1F030D66000C28E8 /* TGLineOrderbyAsc.swift */; };
/* End PBXBuildFile section */

/* Begin PBXFileReference section */
		6A0210A31EFDC797001E8F5B /* TGRefreshSwift.app */ = {isa = PBXFileReference; explicitFileType = wrapper.application; includeInIndex = 0; path = TGRefreshSwift.app; sourceTree = BUILT_PRODUCTS_DIR; };
		6A0210A61EFDC797001E8F5B /* AppDelegate.swift */ = {isa = PBXFileReference; lastKnownFileType = sourcecode.swift; path = AppDelegate.swift; sourceTree = "<group>"; };
		6A0210A81EFDC797001E8F5B /* ViewController.swift */ = {isa = PBXFileReference; lastKnownFileType = sourcecode.swift; path = ViewController.swift; sourceTree = "<group>"; };
		6A0210AB1EFDC797001E8F5B /* Base */ = {isa = PBXFileReference; lastKnownFileType = file.storyboard; name = Base; path = Base.lproj/Main.storyboard; sourceTree = "<group>"; };
		6A0210AD1EFDC797001E8F5B /* Assets.xcassets */ = {isa = PBXFileReference; lastKnownFileType = folder.assetcatalog; path = Assets.xcassets; sourceTree = "<group>"; };
		6A0210B01EFDC797001E8F5B /* Base */ = {isa = PBXFileReference; lastKnownFileType = file.storyboard; name = Base; path = Base.lproj/LaunchScreen.storyboard; sourceTree = "<group>"; };
		6A0210B21EFDC797001E8F5B /* Info.plist */ = {isa = PBXFileReference; lastKnownFileType = text.plist.xml; path = Info.plist; sourceTree = "<group>"; };
		6A0210B91EFDC7E3001E8F5B /* TGRefreshSwift.bundle */ = {isa = PBXFileReference; lastKnownFileType = "wrapper.plug-in"; path = TGRefreshSwift.bundle; sourceTree = "<group>"; };
		6A0210BA1EFDC7E3001E8F5B /* TGRefreshSwift.swift */ = {isa = PBXFileReference; fileEncoding = 4; lastKnownFileType = sourcecode.swift; path = TGRefreshSwift.swift; sourceTree = "<group>"; };
		6A6C64D01F024888000C28E8 /* TGAudioEqualizer.swift */ = {isa = PBXFileReference; fileEncoding = 4; lastKnownFileType = sourcecode.swift; path = TGAudioEqualizer.swift; sourceTree = "<group>"; };
		6A6C64D11F024888000C28E8 /* TGBallBeat.swift */ = {isa = PBXFileReference; fileEncoding = 4; lastKnownFileType = sourcecode.swift; path = TGBallBeat.swift; sourceTree = "<group>"; };
		6A6C64D21F024888000C28E8 /* TGBallClipRotate.swift */ = {isa = PBXFileReference; fileEncoding = 4; lastKnownFileType = sourcecode.swift; path = TGBallClipRotate.swift; sourceTree = "<group>"; };
		6A6C64D31F024888000C28E8 /* TGBallClipRotateMultiple.swift */ = {isa = PBXFileReference; fileEncoding = 4; lastKnownFileType = sourcecode.swift; path = TGBallClipRotateMultiple.swift; sourceTree = "<group>"; };
		6A6C64D41F024888000C28E8 /* TGBallClipRotatePulse.swift */ = {isa = PBXFileReference; fileEncoding = 4; lastKnownFileType = sourcecode.swift; path = TGBallClipRotatePulse.swift; sourceTree = "<group>"; };
		6A6C64D51F024888000C28E8 /* TGBallGridBeat.swift */ = {isa = PBXFileReference; fileEncoding = 4; lastKnownFileType = sourcecode.swift; path = TGBallGridBeat.swift; sourceTree = "<group>"; };
		6A6C64D61F024888000C28E8 /* TGBallGridPulse.swift */ = {isa = PBXFileReference; fileEncoding = 4; lastKnownFileType = sourcecode.swift; path = TGBallGridPulse.swift; sourceTree = "<group>"; };
		6A6C64D71F024888000C28E8 /* TGBallPulse.swift */ = {isa = PBXFileReference; fileEncoding = 4; lastKnownFileType = sourcecode.swift; path = TGBallPulse.swift; sourceTree = "<group>"; };
		6A6C64D81F024888000C28E8 /* TGBallPulseRise.swift */ = {isa = PBXFileReference; fileEncoding = 4; lastKnownFileType = sourcecode.swift; path = TGBallPulseRise.swift; sourceTree = "<group>"; };
		6A6C64D91F024888000C28E8 /* TGBallPulseSync.swift */ = {isa = PBXFileReference; fileEncoding = 4; lastKnownFileType = sourcecode.swift; path = TGBallPulseSync.swift; sourceTree = "<group>"; };
		6A6C64DA1F024888000C28E8 /* TGBallRotate.swift */ = {isa = PBXFileReference; fileEncoding = 4; lastKnownFileType = sourcecode.swift; path = TGBallRotate.swift; sourceTree = "<group>"; };
		6A6C64DB1F024888000C28E8 /* TGBallRotateChase.swift */ = {isa = PBXFileReference; fileEncoding = 4; lastKnownFileType = sourcecode.swift; path = TGBallRotateChase.swift; sourceTree = "<group>"; };
		6A6C64DC1F024888000C28E8 /* TGBallScale.swift */ = {isa = PBXFileReference; fileEncoding = 4; lastKnownFileType = sourcecode.swift; path = TGBallScale.swift; sourceTree = "<group>"; };
		6A6C64DD1F024888000C28E8 /* TGBallScaleMultiple.swift */ = {isa = PBXFileReference; fileEncoding = 4; lastKnownFileType = sourcecode.swift; path = TGBallScaleMultiple.swift; sourceTree = "<group>"; };
		6A6C64DE1F024888000C28E8 /* TGBallScaleRipple.swift */ = {isa = PBXFileReference; fileEncoding = 4; lastKnownFileType = sourcecode.swift; path = TGBallScaleRipple.swift; sourceTree = "<group>"; };
		6A6C64DF1F024888000C28E8 /* TGBallScaleRippleMultiple.swift */ = {isa = PBXFileReference; fileEncoding = 4; lastKnownFileType = sourcecode.swift; path = TGBallScaleRippleMultiple.swift; sourceTree = "<group>"; };
		6A6C64E01F024888000C28E8 /* TGBallSpinFadeLoader.swift */ = {isa = PBXFileReference; fileEncoding = 4; lastKnownFileType = sourcecode.swift; path = TGBallSpinFadeLoader.swift; sourceTree = "<group>"; };
		6A6C64E11F024888000C28E8 /* TGBallTrianglePath.swift */ = {isa = PBXFileReference; fileEncoding = 4; lastKnownFileType = sourcecode.swift; path = TGBallTrianglePath.swift; sourceTree = "<group>"; };
		6A6C64E21F024888000C28E8 /* TGBallZigZag.swift */ = {isa = PBXFileReference; fileEncoding = 4; lastKnownFileType = sourcecode.swift; path = TGBallZigZag.swift; sourceTree = "<group>"; };
		6A6C64E31F024888000C28E8 /* TGBallZigZagDeflect.swift */ = {isa = PBXFileReference; fileEncoding = 4; lastKnownFileType = sourcecode.swift; path = TGBallZigZagDeflect.swift; sourceTree = "<group>"; };
		6A6C64E41F024888000C28E8 /* TGBlank.swift */ = {isa = PBXFileReference; fileEncoding = 4; lastKnownFileType = sourcecode.swift; path = TGBlank.swift; sourceTree = "<group>"; };
		6A6C64E51F024888000C28E8 /* TGCubeTransition.swift */ = {isa = PBXFileReference; fileEncoding = 4; lastKnownFileType = sourcecode.swift; path = TGCubeTransition.swift; sourceTree = "<group>"; };
		6A6C64E61F024888000C28E8 /* TGLineCursor.swift */ = {isa = PBXFileReference; fileEncoding = 4; lastKnownFileType = sourcecode.swift; path = TGLineCursor.swift; sourceTree = "<group>"; };
		6A6C64E71F024888000C28E8 /* TGLineScale.swift */ = {isa = PBXFileReference; fileEncoding = 4; lastKnownFileType = sourcecode.swift; path = TGLineScale.swift; sourceTree = "<group>"; };
		6A6C64E81F024888000C28E8 /* TGLineScaleParty.swift */ = {isa = PBXFileReference; fileEncoding = 4; lastKnownFileType = sourcecode.swift; path = TGLineScaleParty.swift; sourceTree = "<group>"; };
		6A6C64E91F024888000C28E8 /* TGLineScalePulseOut.swift */ = {isa = PBXFileReference; fileEncoding = 4; lastKnownFileType = sourcecode.swift; path = TGLineScalePulseOut.swift; sourceTree = "<group>"; };
		6A6C64EA1F024888000C28E8 /* TGLineScalePulseOutRapid.swift */ = {isa = PBXFileReference; fileEncoding = 4; lastKnownFileType = sourcecode.swift; path = TGLineScalePulseOutRapid.swift; sourceTree = "<group>"; };
		6A6C64EB1F024888000C28E8 /* TGLineSpinFadeLoader.swift */ = {isa = PBXFileReference; fileEncoding = 4; lastKnownFileType = sourcecode.swift; path = TGLineSpinFadeLoader.swift; sourceTree = "<group>"; };
		6A6C64EC1F024888000C28E8 /* TGOrbit.swift */ = {isa = PBXFileReference; fileEncoding = 4; lastKnownFileType = sourcecode.swift; path = TGOrbit.swift; sourceTree = "<group>"; };
		6A6C64ED1F024888000C28E8 /* TGPacman.swift */ = {isa = PBXFileReference; fileEncoding = 4; lastKnownFileType = sourcecode.swift; path = TGPacman.swift; sourceTree = "<group>"; };
		6A6C64EE1F024888000C28E8 /* TGSemiCircleSpin.swift */ = {isa = PBXFileReference; fileEncoding = 4; lastKnownFileType = sourcecode.swift; path = TGSemiCircleSpin.swift; sourceTree = "<group>"; };
		6A6C64EF1F024888000C28E8 /* TGSquareGridPulse.swift */ = {isa = PBXFileReference; fileEncoding = 4; lastKnownFileType = sourcecode.swift; path = TGSquareGridPulse.swift; sourceTree = "<group>"; };
		6A6C64F01F024888000C28E8 /* TGSquarePulse.swift */ = {isa = PBXFileReference; fileEncoding = 4; lastKnownFileType = sourcecode.swift; path = TGSquarePulse.swift; sourceTree = "<group>"; };
		6A6C64F11F024888000C28E8 /* TGSquareSpin.swift */ = {isa = PBXFileReference; fileEncoding = 4; lastKnownFileType = sourcecode.swift; path = TGSquareSpin.swift; sourceTree = "<group>"; };
		6A6C64F21F024888000C28E8 /* TGTriangleSkewSpin.swift */ = {isa = PBXFileReference; fileEncoding = 4; lastKnownFileType = sourcecode.swift; path = TGTriangleSkewSpin.swift; sourceTree = "<group>"; };
		6A6C64F31F024888000C28E8 /* TGWindows.swift */ = {isa = PBXFileReference; fileEncoding = 4; lastKnownFileType = sourcecode.swift; path = TGWindows.swift; sourceTree = "<group>"; };
		6A6C64F41F024888000C28E8 /* TGIndicator.swift */ = {isa = PBXFileReference; fileEncoding = 4; lastKnownFileType = sourcecode.swift; path = TGIndicator.swift; sourceTree = "<group>"; };
		6A6C651C1F030D66000C28E8 /* TGLineOrderbyAsc.swift */ = {isa = PBXFileReference; fileEncoding = 4; lastKnownFileType = sourcecode.swift; path = TGLineOrderbyAsc.swift; sourceTree = "<group>"; };
/* End PBXFileReference section */

/* Begin PBXFrameworksBuildPhase section */
		6A0210A01EFDC797001E8F5B /* Frameworks */ = {
			isa = PBXFrameworksBuildPhase;
			buildActionMask = 2147483647;
			files = (
			);
			runOnlyForDeploymentPostprocessing = 0;
		};
/* End PBXFrameworksBuildPhase section */

/* Begin PBXGroup section */
		6A02109A1EFDC797001E8F5B = {
			isa = PBXGroup;
			children = (
				6A0210A51EFDC797001E8F5B /* TGRefreshSwift */,
				6A0210A41EFDC797001E8F5B /* Products */,
			);
			sourceTree = "<group>";
		};
		6A0210A41EFDC797001E8F5B /* Products */ = {
			isa = PBXGroup;
			children = (
				6A0210A31EFDC797001E8F5B /* TGRefreshSwift.app */,
			);
			name = Products;
			sourceTree = "<group>";
		};
		6A0210A51EFDC797001E8F5B /* TGRefreshSwift */ = {
			isa = PBXGroup;
			children = (
				6A0210B81EFDC7CE001E8F5B /* TGRefreshSwift */,
				6A0210A61EFDC797001E8F5B /* AppDelegate.swift */,
				6A0210A81EFDC797001E8F5B /* ViewController.swift */,
				6A0210AA1EFDC797001E8F5B /* Main.storyboard */,
				6A0210AD1EFDC797001E8F5B /* Assets.xcassets */,
				6A0210AF1EFDC797001E8F5B /* LaunchScreen.storyboard */,
				6A0210B21EFDC797001E8F5B /* Info.plist */,
			);
			path = TGRefreshSwift;
			sourceTree = "<group>";
		};
		6A0210B81EFDC7CE001E8F5B /* TGRefreshSwift */ = {
			isa = PBXGroup;
			children = (
				6A6C64CE1F024888000C28E8 /* TGIndicator */,
				6A0210B91EFDC7E3001E8F5B /* TGRefreshSwift.bundle */,
				6A0210BA1EFDC7E3001E8F5B /* TGRefreshSwift.swift */,
			);
			path = TGRefreshSwift;
			sourceTree = "<group>";
		};
		6A6C64CE1F024888000C28E8 /* TGIndicator */ = {
			isa = PBXGroup;
			children = (
				6A6C64CF1F024888000C28E8 /* Animation */,
				6A6C64F41F024888000C28E8 /* TGIndicator.swift */,
			);
			path = TGIndicator;
			sourceTree = "<group>";
		};
		6A6C64CF1F024888000C28E8 /* Animation */ = {
			isa = PBXGroup;
			children = (
				6A6C64D01F024888000C28E8 /* TGAudioEqualizer.swift */,
				6A6C64D11F024888000C28E8 /* TGBallBeat.swift */,
				6A6C64D21F024888000C28E8 /* TGBallClipRotate.swift */,
				6A6C64D31F024888000C28E8 /* TGBallClipRotateMultiple.swift */,
				6A6C64D41F024888000C28E8 /* TGBallClipRotatePulse.swift */,
				6A6C64D51F024888000C28E8 /* TGBallGridBeat.swift */,
				6A6C64D61F024888000C28E8 /* TGBallGridPulse.swift */,
				6A6C64D71F024888000C28E8 /* TGBallPulse.swift */,
				6A6C64D81F024888000C28E8 /* TGBallPulseRise.swift */,
				6A6C64D91F024888000C28E8 /* TGBallPulseSync.swift */,
				6A6C64DA1F024888000C28E8 /* TGBallRotate.swift */,
				6A6C64DB1F024888000C28E8 /* TGBallRotateChase.swift */,
				6A6C64DC1F024888000C28E8 /* TGBallScale.swift */,
				6A6C64DD1F024888000C28E8 /* TGBallScaleMultiple.swift */,
				6A6C64DE1F024888000C28E8 /* TGBallScaleRipple.swift */,
				6A6C64DF1F024888000C28E8 /* TGBallScaleRippleMultiple.swift */,
				6A6C64E01F024888000C28E8 /* TGBallSpinFadeLoader.swift */,
				6A6C64E11F024888000C28E8 /* TGBallTrianglePath.swift */,
				6A6C64E21F024888000C28E8 /* TGBallZigZag.swift */,
				6A6C64E31F024888000C28E8 /* TGBallZigZagDeflect.swift */,
				6A6C64E41F024888000C28E8 /* TGBlank.swift */,
				6A6C64E51F024888000C28E8 /* TGCubeTransition.swift */,
				6A6C64E61F024888000C28E8 /* TGLineCursor.swift */,
				6A6C64E71F024888000C28E8 /* TGLineScale.swift */,
				6A6C64E81F024888000C28E8 /* TGLineScaleParty.swift */,
				6A6C64E91F024888000C28E8 /* TGLineScalePulseOut.swift */,
				6A6C64EA1F024888000C28E8 /* TGLineScalePulseOutRapid.swift */,
				6A6C64EB1F024888000C28E8 /* TGLineSpinFadeLoader.swift */,
				6A6C64EC1F024888000C28E8 /* TGOrbit.swift */,
				6A6C64ED1F024888000C28E8 /* TGPacman.swift */,
				6A6C64EE1F024888000C28E8 /* TGSemiCircleSpin.swift */,
				6A6C64EF1F024888000C28E8 /* TGSquareGridPulse.swift */,
				6A6C64F01F024888000C28E8 /* TGSquarePulse.swift */,
				6A6C64F11F024888000C28E8 /* TGSquareSpin.swift */,
				6A6C64F21F024888000C28E8 /* TGTriangleSkewSpin.swift */,
				6A6C64F31F024888000C28E8 /* TGWindows.swift */,
				6A6C651C1F030D66000C28E8 /* TGLineOrderbyAsc.swift */,
			);
			path = Animation;
			sourceTree = "<group>";
		};
/* End PBXGroup section */

/* Begin PBXNativeTarget section */
		6A0210A21EFDC797001E8F5B /* TGRefreshSwift */ = {
			isa = PBXNativeTarget;
			buildConfigurationList = 6A0210B51EFDC797001E8F5B /* Build configuration list for PBXNativeTarget "TGRefreshSwift" */;
			buildPhases = (
				6A02109F1EFDC797001E8F5B /* Sources */,
				6A0210A01EFDC797001E8F5B /* Frameworks */,
				6A0210A11EFDC797001E8F5B /* Resources */,
			);
			buildRules = (
			);
			dependencies = (
			);
			name = TGRefreshSwift;
			productName = TGRefreshSwift;
			productReference = 6A0210A31EFDC797001E8F5B /* TGRefreshSwift.app */;
			productType = "com.apple.product-type.application";
		};
/* End PBXNativeTarget section */

/* Begin PBXProject section */
		6A02109B1EFDC797001E8F5B /* Project object */ = {
			isa = PBXProject;
			attributes = {
				LastSwiftUpdateCheck = 0830;
				LastUpgradeCheck = 0830;
				ORGANIZATIONNAME = targetcloud;
				TargetAttributes = {
					6A0210A21EFDC797001E8F5B = {
						CreatedOnToolsVersion = 8.3.3;
						DevelopmentTeam = 38C5J53JU9;
						ProvisioningStyle = Manual;
					};
				};
			};
			buildConfigurationList = 6A02109E1EFDC797001E8F5B /* Build configuration list for PBXProject "TGRefreshSwift" */;
			compatibilityVersion = "Xcode 3.2";
			developmentRegion = English;
			hasScannedForEncodings = 0;
			knownRegions = (
				en,
				Base,
			);
			mainGroup = 6A02109A1EFDC797001E8F5B;
			productRefGroup = 6A0210A41EFDC797001E8F5B /* Products */;
			projectDirPath = "";
			projectRoot = "";
			targets = (
				6A0210A21EFDC797001E8F5B /* TGRefreshSwift */,
			);
		};
/* End PBXProject section */

/* Begin PBXResourcesBuildPhase section */
		6A0210A11EFDC797001E8F5B /* Resources */ = {
			isa = PBXResourcesBuildPhase;
			buildActionMask = 2147483647;
			files = (
				6A0210BB1EFDC7E3001E8F5B /* TGRefreshSwift.bundle in Resources */,
				6A0210B11EFDC797001E8F5B /* LaunchScreen.storyboard in Resources */,
				6A0210AE1EFDC797001E8F5B /* Assets.xcassets in Resources */,
				6A0210AC1EFDC797001E8F5B /* Main.storyboard in Resources */,
			);
			runOnlyForDeploymentPostprocessing = 0;
		};
/* End PBXResourcesBuildPhase section */

/* Begin PBXSourcesBuildPhase section */
		6A02109F1EFDC797001E8F5B /* Sources */ = {
			isa = PBXSourcesBuildPhase;
			buildActionMask = 2147483647;
			files = (
				6A6C64F51F024888000C28E8 /* TGAudioEqualizer.swift in Sources */,
				6A6C65101F024888000C28E8 /* TGLineSpinFadeLoader.swift in Sources */,
				6A6C64FB1F024888000C28E8 /* TGBallGridPulse.swift in Sources */,
				6A6C65111F024888000C28E8 /* TGOrbit.swift in Sources */,
				6A6C650B1F024888000C28E8 /* TGLineCursor.swift in Sources */,
				6A6C65021F024888000C28E8 /* TGBallScaleMultiple.swift in Sources */,
				6A6C65091F024888000C28E8 /* TGBlank.swift in Sources */,
				6A6C65151F024888000C28E8 /* TGSquarePulse.swift in Sources */,
				6A6C64FD1F024888000C28E8 /* TGBallPulseRise.swift in Sources */,
				6A6C65001F024888000C28E8 /* TGBallRotateChase.swift in Sources */,
				6A6C64FE1F024888000C28E8 /* TGBallPulseSync.swift in Sources */,
				6A6C65031F024888000C28E8 /* TGBallScaleRipple.swift in Sources */,
				6A6C650F1F024888000C28E8 /* TGLineScalePulseOutRapid.swift in Sources */,
				6A6C65131F024888000C28E8 /* TGSemiCircleSpin.swift in Sources */,
				6A6C650A1F024888000C28E8 /* TGCubeTransition.swift in Sources */,
				6A6C64FC1F024888000C28E8 /* TGBallPulse.swift in Sources */,
				6A0210A91EFDC797001E8F5B /* ViewController.swift in Sources */,
				6A6C650D1F024888000C28E8 /* TGLineScaleParty.swift in Sources */,
				6A6C64F81F024888000C28E8 /* TGBallClipRotateMultiple.swift in Sources */,
				6A6C64FA1F024888000C28E8 /* TGBallGridBeat.swift in Sources */,
				6A6C651D1F030D66000C28E8 /* TGLineOrderbyAsc.swift in Sources */,
				6A6C65121F024888000C28E8 /* TGPacman.swift in Sources */,
				6A6C65061F024888000C28E8 /* TGBallTrianglePath.swift in Sources */,
				6A6C65161F024888000C28E8 /* TGSquareSpin.swift in Sources */,
				6A6C650C1F024888000C28E8 /* TGLineScale.swift in Sources */,
				6A6C65141F024888000C28E8 /* TGSquareGridPulse.swift in Sources */,
				6A6C64F71F024888000C28E8 /* TGBallClipRotate.swift in Sources */,
				6A6C65011F024888000C28E8 /* TGBallScale.swift in Sources */,
				6A6C64F91F024888000C28E8 /* TGBallClipRotatePulse.swift in Sources */,
				6A6C65071F024888000C28E8 /* TGBallZigZag.swift in Sources */,
				6A6C64FF1F024888000C28E8 /* TGBallRotate.swift in Sources */,
				6A6C650E1F024888000C28E8 /* TGLineScalePulseOut.swift in Sources */,
				6A0210BC1EFDC7E3001E8F5B /* TGRefreshSwift.swift in Sources */,
				6A6C65051F024888000C28E8 /* TGBallSpinFadeLoader.swift in Sources */,
				6A6C65181F024888000C28E8 /* TGWindows.swift in Sources */,
				6A0210A71EFDC797001E8F5B /* AppDelegate.swift in Sources */,
				6A6C65081F024888000C28E8 /* TGBallZigZagDeflect.swift in Sources */,
				6A6C65191F024888000C28E8 /* TGIndicator.swift in Sources */,
				6A6C64F61F024888000C28E8 /* TGBallBeat.swift in Sources */,
				6A6C65171F024888000C28E8 /* TGTriangleSkewSpin.swift in Sources */,
				6A6C65041F024888000C28E8 /* TGBallScaleRippleMultiple.swift in Sources */,
			);
			runOnlyForDeploymentPostprocessing = 0;
		};
/* End PBXSourcesBuildPhase section */

/* Begin PBXVariantGroup section */
		6A0210AA1EFDC797001E8F5B /* Main.storyboard */ = {
			isa = PBXVariantGroup;
			children = (
				6A0210AB1EFDC797001E8F5B /* Base */,
			);
			name = Main.storyboard;
			sourceTree = "<group>";
		};
		6A0210AF1EFDC797001E8F5B /* LaunchScreen.storyboard */ = {
			isa = PBXVariantGroup;
			children = (
				6A0210B01EFDC797001E8F5B /* Base */,
			);
			name = LaunchScreen.storyboard;
			sourceTree = "<group>";
		};
/* End PBXVariantGroup section */

/* Begin XCBuildConfiguration section */
		6A0210B31EFDC797001E8F5B /* Debug */ = {
			isa = XCBuildConfiguration;
			buildSettings = {
				ALWAYS_SEARCH_USER_PATHS = NO;
				CLANG_ANALYZER_NONNULL = YES;
				CLANG_ANALYZER_NUMBER_OBJECT_CONVERSION = YES_AGGRESSIVE;
				CLANG_CXX_LANGUAGE_STANDARD = "gnu++0x";
				CLANG_CXX_LIBRARY = "libc++";
				CLANG_ENABLE_MODULES = YES;
				CLANG_ENABLE_OBJC_ARC = YES;
				CLANG_WARN_BOOL_CONVERSION = YES;
				CLANG_WARN_CONSTANT_CONVERSION = YES;
				CLANG_WARN_DIRECT_OBJC_ISA_USAGE = YES_ERROR;
				CLANG_WARN_DOCUMENTATION_COMMENTS = YES;
				CLANG_WARN_EMPTY_BODY = YES;
				CLANG_WARN_ENUM_CONVERSION = YES;
				CLANG_WARN_INFINITE_RECURSION = YES;
				CLANG_WARN_INT_CONVERSION = YES;
				CLANG_WARN_OBJC_ROOT_CLASS = YES_ERROR;
				CLANG_WARN_SUSPICIOUS_MOVE = YES;
				CLANG_WARN_UNREACHABLE_CODE = YES;
				CLANG_WARN__DUPLICATE_METHOD_MATCH = YES;
				"CODE_SIGN_IDENTITY[sdk=iphoneos*]" = "iPhone Developer";
				COPY_PHASE_STRIP = NO;
				DEBUG_INFORMATION_FORMAT = dwarf;
				ENABLE_STRICT_OBJC_MSGSEND = YES;
				ENABLE_TESTABILITY = YES;
				GCC_C_LANGUAGE_STANDARD = gnu99;
				GCC_DYNAMIC_NO_PIC = NO;
				GCC_NO_COMMON_BLOCKS = YES;
				GCC_OPTIMIZATION_LEVEL = 0;
				GCC_PREPROCESSOR_DEFINITIONS = (
					"DEBUG=1",
					"$(inherited)",
				);
				GCC_WARN_64_TO_32_BIT_CONVERSION = YES;
				GCC_WARN_ABOUT_RETURN_TYPE = YES_ERROR;
				GCC_WARN_UNDECLARED_SELECTOR = YES;
				GCC_WARN_UNINITIALIZED_AUTOS = YES_AGGRESSIVE;
				GCC_WARN_UNUSED_FUNCTION = YES;
				GCC_WARN_UNUSED_VARIABLE = YES;
				IPHONEOS_DEPLOYMENT_TARGET = 10.3;
				MTL_ENABLE_DEBUG_INFO = YES;
				ONLY_ACTIVE_ARCH = YES;
				SDKROOT = iphoneos;
				SWIFT_ACTIVE_COMPILATION_CONDITIONS = DEBUG;
				SWIFT_OPTIMIZATION_LEVEL = "-Onone";
			};
			name = Debug;
		};
		6A0210B41EFDC797001E8F5B /* Release */ = {
			isa = XCBuildConfiguration;
			buildSettings = {
				ALWAYS_SEARCH_USER_PATHS = NO;
				CLANG_ANALYZER_NONNULL = YES;
				CLANG_ANALYZER_NUMBER_OBJECT_CONVERSION = YES_AGGRESSIVE;
				CLANG_CXX_LANGUAGE_STANDARD = "gnu++0x";
				CLANG_CXX_LIBRARY = "libc++";
				CLANG_ENABLE_MODULES = YES;
				CLANG_ENABLE_OBJC_ARC = YES;
				CLANG_WARN_BOOL_CONVERSION = YES;
				CLANG_WARN_CONSTANT_CONVERSION = YES;
				CLANG_WARN_DIRECT_OBJC_ISA_USAGE = YES_ERROR;
				CLANG_WARN_DOCUMENTATION_COMMENTS = YES;
				CLANG_WARN_EMPTY_BODY = YES;
				CLANG_WARN_ENUM_CONVERSION = YES;
				CLANG_WARN_INFINITE_RECURSION = YES;
				CLANG_WARN_INT_CONVERSION = YES;
				CLANG_WARN_OBJC_ROOT_CLASS = YES_ERROR;
				CLANG_WARN_SUSPICIOUS_MOVE = YES;
				CLANG_WARN_UNREACHABLE_CODE = YES;
				CLANG_WARN__DUPLICATE_METHOD_MATCH = YES;
				"CODE_SIGN_IDENTITY[sdk=iphoneos*]" = "iPhone Developer";
				COPY_PHASE_STRIP = NO;
				DEBUG_INFORMATION_FORMAT = "dwarf-with-dsym";
				ENABLE_NS_ASSERTIONS = NO;
				ENABLE_STRICT_OBJC_MSGSEND = YES;
				GCC_C_LANGUAGE_STANDARD = gnu99;
				GCC_NO_COMMON_BLOCKS = YES;
				GCC_WARN_64_TO_32_BIT_CONVERSION = YES;
				GCC_WARN_ABOUT_RETURN_TYPE = YES_ERROR;
				GCC_WARN_UNDECLARED_SELECTOR = YES;
				GCC_WARN_UNINITIALIZED_AUTOS = YES_AGGRESSIVE;
				GCC_WARN_UNUSED_FUNCTION = YES;
				GCC_WARN_UNUSED_VARIABLE = YES;
				IPHONEOS_DEPLOYMENT_TARGET = 10.3;
				MTL_ENABLE_DEBUG_INFO = NO;
				SDKROOT = iphoneos;
				SWIFT_OPTIMIZATION_LEVEL = "-Owholemodule";
				VALIDATE_PRODUCT = YES;
			};
			name = Release;
		};
		6A0210B61EFDC797001E8F5B /* Debug */ = {
			isa = XCBuildConfiguration;
			buildSettings = {
				ASSETCATALOG_COMPILER_APPICON_NAME = AppIcon;
				DEVELOPMENT_TEAM = 38C5J53JU9;
				INFOPLIST_FILE = TGRefreshSwift/Info.plist;
				LD_RUNPATH_SEARCH_PATHS = "$(inherited) @executable_path/Frameworks";
				PRODUCT_BUNDLE_IDENTIFIER = net.targetcloud.TGRefreshSwift;
				PRODUCT_NAME = "$(TARGET_NAME)";
				PROVISIONING_PROFILE = "09c8f1ec-443c-4108-8cdd-8c8b1ee6b2af";
				PROVISIONING_PROFILE_SPECIFIER = allapp;
				SWIFT_VERSION = 3.0;
			};
			name = Debug;
		};
		6A0210B71EFDC797001E8F5B /* Release */ = {
			isa = XCBuildConfiguration;
			buildSettings = {
				ASSETCATALOG_COMPILER_APPICON_NAME = AppIcon;
				DEVELOPMENT_TEAM = 38C5J53JU9;
				INFOPLIST_FILE = TGRefreshSwift/Info.plist;
				LD_RUNPATH_SEARCH_PATHS = "$(inherited) @executable_path/Frameworks";
				PRODUCT_BUNDLE_IDENTIFIER = net.targetcloud.TGRefreshSwift;
				PRODUCT_NAME = "$(TARGET_NAME)";
				PROVISIONING_PROFILE = "09c8f1ec-443c-4108-8cdd-8c8b1ee6b2af";
				PROVISIONING_PROFILE_SPECIFIER = allapp;
				SWIFT_VERSION = 3.0;
			};
			name = Release;
		};
/* End XCBuildConfiguration section */

/* Begin XCConfigurationList section */
		6A02109E1EFDC797001E8F5B /* Build configuration list for PBXProject "TGRefreshSwift" */ = {
			isa = XCConfigurationList;
			buildConfigurations = (
				6A0210B31EFDC797001E8F5B /* Debug */,
				6A0210B41EFDC797001E8F5B /* Release */,
			);
			defaultConfigurationIsVisible = 0;
			defaultConfigurationName = Release;
		};
		6A0210B51EFDC797001E8F5B /* Build configuration list for PBXNativeTarget "TGRefreshSwift" */ = {
			isa = XCConfigurationList;
			buildConfigurations = (
				6A0210B61EFDC797001E8F5B /* Debug */,
				6A0210B71EFDC797001E8F5B /* Release */,
			);
			defaultConfigurationIsVisible = 0;
			defaultConfigurationName = Release;
		};
/* End XCConfigurationList section */
	};
	rootObject = 6A02109B1EFDC797001E8F5B /* Project object */;
}
