// !$*UTF8*$!
{
	archiveVersion = 1;
	classes = {
	};
	objectVersion = 46;
	objects = {

/* Begin PBXBuildFile section */
		6A0210A71EFDC797001E8F5B /* AppDelegate.swift in Sources */ = {isa = PBXBuildFile; fileRef = 6A0210A61EFDC797001E8F5B /* AppDelegate.swift */; };
		6A0210A91EFDC797001E8F5B /* ViewController.swift in Sources */ = {isa = PBXBuildFile; fileRef = 6A0210A81EFDC797001E8F5B /* ViewController.swift */; };
		6A0210AC1EFDC797001E8F5B /* Main.storyboard in Resources */ = {isa = PBXBuildFile; fileRef = 6A0210AA1EFDC797001E8F5B /* Main.storyboard */; };
		6A0210AE1EFDC797001E8F5B /* Assets.xcassets in Resources */ = {isa = PBXBuildFile; fileRef = 6A0210AD1EFDC797001E8F5B /* Assets.xcassets */; };
		6A0210B11EFDC797001E8F5B /* LaunchScreen.storyboard in Resources */ = {isa = PBXBuildFile; fileRef = 6A0210AF1EFDC797001E8F5B /* LaunchScreen.storyboard */; };
		6A0210BB1EFDC7E3001E8F5B /* TGRefreshSwift.bundle in Resources */ = {isa = PBXBuildFile; fileRef = 6A0210B91EFDC7E3001E8F5B /* TGRefreshSwift.bundle */; };
		6A0210BC1EFDC7E3001E8F5B /* TGRefreshSwift.swift in Sources */ = {isa = PBXBuildFile; fileRef = 6A0210BA1EFDC7E3001E8F5B /* TGRefreshSwift.swift */; };
/* End PBXBuildFile section */

/* Begin PBXFileReference section */
		6A0210A31EFDC797001E8F5B /* TGRefreshSwift.app */ = {isa = PBXFileReference; explicitFileType = wrapper.application; includeInIndex = 0; path = TGRefreshSwift.app; sourceTree = BUILT_PRODUCTS_DIR; };
		6A0210A61EFDC797001E8F5B /* AppDelegate.swift */ = {isa = PBXFileReference; lastKnownFileType = sourcecode.swift; path = AppDelegate.swift; sourceTree = "<group>"; };
		6A0210A81EFDC797001E8F5B /* ViewController.swift */ = {isa = PBXFileReference; lastKnownFileType = sourcecode.swift; path = ViewController.swift; sourceTree = "<group>"; };
		6A0210AB1EFDC797001E8F5B /* Base */ = {isa = PBXFileReference; lastKnownFileType = file.storyboard; name = Base; path = Base.lproj/Main.storyboard; sourceTree = "<group>"; };
		6A0210AD1EFDC797001E8F5B /* Assets.xcassets */ = {isa = PBXFileReference; lastKnownFileType = folder.assetcatalog; path = Assets.xcassets; sourceTree = "<group>"; };
		6A0210B01EFDC797001E8F5B /* Base */ = {isa = PBXFileReference; lastKnownFileType = file.storyboard; name = Base; path = Base.lproj/LaunchScreen.storyboard; sourceTree = "<group>"; };
		6A0210B21EFDC797001E8F5B /* Info.plist */ = {isa = PBXFileReference; lastKnownFileType = text.plist.xml; path = Info.plist; sourceTree = "<group>"; };
		6A0210B91EFDC7E3001E8F5B /* TGRefreshSwift.bundle */ = {isa = PBXFileReference; lastKnownFileType = "wrapper.plug-in"; path = TGRefreshSwift.bundle; sourceTree = "<group>"; };
		6A0210BA1EFDC7E3001E8F5B /* TGRefreshSwift.swift */ = {isa = PBXFileReference; fileEncoding = 4; lastKnownFileType = sourcecode.swift; path = TGRefreshSwift.swift; sourceTree = "<group>"; };
/* End PBXFileReference section */

/* Begin PBXFrameworksBuildPhase section */
		6A0210A01EFDC797001E8F5B /* Frameworks */ = {
			isa = PBXFrameworksBuildPhase;
			buildActionMask = 2147483647;
			files = (
			);
			runOnlyForDeploymentPostprocessing = 0;
		};
/* End PBXFrameworksBuildPhase section */

/* Begin PBXGroup section */
		6A02109A1EFDC797001E8F5B = {
			isa = PBXGroup;
			children = (
				6A0210A51EFDC797001E8F5B /* TGRefreshSwift */,
				6A0210A41EFDC797001E8F5B /* Products */,
			);
			sourceTree = "<group>";
		};
		6A0210A41EFDC797001E8F5B /* Products */ = {
			isa = PBXGroup;
			children = (
				6A0210A31EFDC797001E8F5B /* TGRefreshSwift.app */,
			);
			name = Products;
			sourceTree = "<group>";
		};
		6A0210A51EFDC797001E8F5B /* TGRefreshSwift */ = {
			isa = PBXGroup;
			children = (
				6A0210B81EFDC7CE001E8F5B /* TGRefreshSwift */,
				6A0210A61EFDC797001E8F5B /* AppDelegate.swift */,
				6A0210A81EFDC797001E8F5B /* ViewController.swift */,
				6A0210AA1EFDC797001E8F5B /* Main.storyboard */,
				6A0210AD1EFDC797001E8F5B /* Assets.xcassets */,
				6A0210AF1EFDC797001E8F5B /* LaunchScreen.storyboard */,
				6A0210B21EFDC797001E8F5B /* Info.plist */,
			);
			path = TGRefreshSwift;
			sourceTree = "<group>";
		};
		6A0210B81EFDC7CE001E8F5B /* TGRefreshSwift */ = {
			isa = PBXGroup;
			children = (
				6A0210B91EFDC7E3001E8F5B /* TGRefreshSwift.bundle */,
				6A0210BA1EFDC7E3001E8F5B /* TGRefreshSwift.swift */,
			);
			path = TGRefreshSwift;
			sourceTree = "<group>";
		};
/* End PBXGroup section */

/* Begin PBXNativeTarget section */
		6A0210A21EFDC797001E8F5B /* TGRefreshSwift */ = {
			isa = PBXNativeTarget;
			buildConfigurationList = 6A0210B51EFDC797001E8F5B /* Build configuration list for PBXNativeTarget "TGRefreshSwift" */;
			buildPhases = (
				6A02109F1EFDC797001E8F5B /* Sources */,
				6A0210A01EFDC797001E8F5B /* Frameworks */,
				6A0210A11EFDC797001E8F5B /* Resources */,
			);
			buildRules = (
			);
			dependencies = (
			);
			name = TGRefreshSwift;
			productName = TGRefreshSwift;
			productReference = 6A0210A31EFDC797001E8F5B /* TGRefreshSwift.app */;
			productType = "com.apple.product-type.application";
		};
/* End PBXNativeTarget section */

/* Begin PBXProject section */
		6A02109B1EFDC797001E8F5B /* Project object */ = {
			isa = PBXProject;
			attributes = {
				LastSwiftUpdateCheck = 0830;
				LastUpgradeCheck = 0830;
				ORGANIZATIONNAME = targetcloud;
				TargetAttributes = {
					6A0210A21EFDC797001E8F5B = {
						CreatedOnToolsVersion = 8.3.3;
						ProvisioningStyle = Automatic;
					};
				};
			};
			buildConfigurationList = 6A02109E1EFDC797001E8F5B /* Build configuration list for PBXProject "TGRefreshSwift" */;
			compatibilityVersion = "Xcode 3.2";
			developmentRegion = English;
			hasScannedForEncodings = 0;
			knownRegions = (
				en,
				Base,
			);
			mainGroup = 6A02109A1EFDC797001E8F5B;
			productRefGroup = 6A0210A41EFDC797001E8F5B /* Products */;
			projectDirPath = "";
			projectRoot = "";
			targets = (
				6A0210A21EFDC797001E8F5B /* TGRefreshSwift */,
			);
		};
/* End PBXProject section */

/* Begin PBXResourcesBuildPhase section */
		6A0210A11EFDC797001E8F5B /* Resources */ = {
			isa = PBXResourcesBuildPhase;
			buildActionMask = 2147483647;
			files = (
				6A0210BB1EFDC7E3001E8F5B /* TGRefreshSwift.bundle in Resources */,
				6A0210B11EFDC797001E8F5B /* LaunchScreen.storyboard in Resources */,
				6A0210AE1EFDC797001E8F5B /* Assets.xcassets in Resources */,
				6A0210AC1EFDC797001E8F5B /* Main.storyboard in Resources */,
			);
			runOnlyForDeploymentPostprocessing = 0;
		};
/* End PBXResourcesBuildPhase section */

/* Begin PBXSourcesBuildPhase section */
		6A02109F1EFDC797001E8F5B /* Sources */ = {
			isa = PBXSourcesBuildPhase;
			buildActionMask = 2147483647;
			files = (
				6A0210A91EFDC797001E8F5B /* ViewController.swift in Sources */,
				6A0210BC1EFDC7E3001E8F5B /* TGRefreshSwift.swift in Sources */,
				6A0210A71EFDC797001E8F5B /* AppDelegate.swift in Sources */,
			);
			runOnlyForDeploymentPostprocessing = 0;
		};
/* End PBXSourcesBuildPhase section */

/* Begin PBXVariantGroup section */
		6A0210AA1EFDC797001E8F5B /* Main.storyboard */ = {
			isa = PBXVariantGroup;
			children = (
				6A0210AB1EFDC797001E8F5B /* Base */,
			);
			name = Main.storyboard;
			sourceTree = "<group>";
		};
		6A0210AF1EFDC797001E8F5B /* LaunchScreen.storyboard */ = {
			isa = PBXVariantGroup;
			children = (
				6A0210B01EFDC797001E8F5B /* Base */,
			);
			name = LaunchScreen.storyboard;
			sourceTree = "<group>";
		};
/* End PBXVariantGroup section */

/* Begin XCBuildConfiguration section */
		6A0210B31EFDC797001E8F5B /* Debug */ = {
			isa = XCBuildConfiguration;
			buildSettings = {
				ALWAYS_SEARCH_USER_PATHS = NO;
				CLANG_ANALYZER_NONNULL = YES;
				CLANG_ANALYZER_NUMBER_OBJECT_CONVERSION = YES_AGGRESSIVE;
				CLANG_CXX_LANGUAGE_STANDARD = "gnu++0x";
				CLANG_CXX_LIBRARY = "libc++";
				CLANG_ENABLE_MODULES = YES;
				CLANG_ENABLE_OBJC_ARC = YES;
				CLANG_WARN_BOOL_CONVERSION = YES;
				CLANG_WARN_CONSTANT_CONVERSION = YES;
				CLANG_WARN_DIRECT_OBJC_ISA_USAGE = YES_ERROR;
				CLANG_WARN_DOCUMENTATION_COMMENTS = YES;
				CLANG_WARN_EMPTY_BODY = YES;
				CLANG_WARN_ENUM_CONVERSION = YES;
				CLANG_WARN_INFINITE_RECURSION = YES;
				CLANG_WARN_INT_CONVERSION = YES;
				CLANG_WARN_OBJC_ROOT_CLASS = YES_ERROR;
				CLANG_WARN_SUSPICIOUS_MOVE = YES;
				CLANG_WARN_UNREACHABLE_CODE = YES;
				CLANG_WARN__DUPLICATE_METHOD_MATCH = YES;
				"CODE_SIGN_IDENTITY[sdk=iphoneos*]" = "iPhone Developer";
				COPY_PHASE_STRIP = NO;
				DEBUG_INFORMATION_FORMAT = dwarf;
				ENABLE_STRICT_OBJC_MSGSEND = YES;
				ENABLE_TESTABILITY = YES;
				GCC_C_LANGUAGE_STANDARD = gnu99;
				GCC_DYNAMIC_NO_PIC = NO;
				GCC_NO_COMMON_BLOCKS = YES;
				GCC_OPTIMIZATION_LEVEL = 0;
				GCC_PREPROCESSOR_DEFINITIONS = (
					"DEBUG=1",
					"$(inherited)",
				);
				GCC_WARN_64_TO_32_BIT_CONVERSION = YES;
				GCC_WARN_ABOUT_RETURN_TYPE = YES_ERROR;
				GCC_WARN_UNDECLARED_SELECTOR = YES;
				GCC_WARN_UNINITIALIZED_AUTOS = YES_AGGRESSIVE;
				GCC_WARN_UNUSED_FUNCTION = YES;
				GCC_WARN_UNUSED_VARIABLE = YES;
				IPHONEOS_DEPLOYMENT_TARGET = 10.3;
				MTL_ENABLE_DEBUG_INFO = YES;
				ONLY_ACTIVE_ARCH = YES;
				SDKROOT = iphoneos;
				SWIFT_ACTIVE_COMPILATION_CONDITIONS = DEBUG;
				SWIFT_OPTIMIZATION_LEVEL = "-Onone";
			};
			name = Debug;
		};
		6A0210B41EFDC797001E8F5B /* Release */ = {
			isa = XCBuildConfiguration;
			buildSettings = {
				ALWAYS_SEARCH_USER_PATHS = NO;
				CLANG_ANALYZER_NONNULL = YES;
				CLANG_ANALYZER_NUMBER_OBJECT_CONVERSION = YES_AGGRESSIVE;
				CLANG_CXX_LANGUAGE_STANDARD = "gnu++0x";
				CLANG_CXX_LIBRARY = "libc++";
				CLANG_ENABLE_MODULES = YES;
				CLANG_ENABLE_OBJC_ARC = YES;
				CLANG_WARN_BOOL_CONVERSION = YES;
				CLANG_WARN_CONSTANT_CONVERSION = YES;
				CLANG_WARN_DIRECT_OBJC_ISA_USAGE = YES_ERROR;
				CLANG_WARN_DOCUMENTATION_COMMENTS = YES;
				CLANG_WARN_EMPTY_BODY = YES;
				CLANG_WARN_ENUM_CONVERSION = YES;
				CLANG_WARN_INFINITE_RECURSION = YES;
				CLANG_WARN_INT_CONVERSION = YES;
				CLANG_WARN_OBJC_ROOT_CLASS = YES_ERROR;
				CLANG_WARN_SUSPICIOUS_MOVE = YES;
				CLANG_WARN_UNREACHABLE_CODE = YES;
				CLANG_WARN__DUPLICATE_METHOD_MATCH = YES;
				"CODE_SIGN_IDENTITY[sdk=iphoneos*]" = "iPhone Developer";
				COPY_PHASE_STRIP = NO;
				DEBUG_INFORMATION_FORMAT = "dwarf-with-dsym";
				ENABLE_NS_ASSERTIONS = NO;
				ENABLE_STRICT_OBJC_MSGSEND = YES;
				GCC_C_LANGUAGE_STANDARD = gnu99;
				GCC_NO_COMMON_BLOCKS = YES;
				GCC_WARN_64_TO_32_BIT_CONVERSION = YES;
				GCC_WARN_ABOUT_RETURN_TYPE = YES_ERROR;
				GCC_WARN_UNDECLARED_SELECTOR = YES;
				GCC_WARN_UNINITIALIZED_AUTOS = YES_AGGRESSIVE;
				GCC_WARN_UNUSED_FUNCTION = YES;
				GCC_WARN_UNUSED_VARIABLE = YES;
				IPHONEOS_DEPLOYMENT_TARGET = 10.3;
				MTL_ENABLE_DEBUG_INFO = NO;
				SDKROOT = iphoneos;
				SWIFT_OPTIMIZATION_LEVEL = "-Owholemodule";
				VALIDATE_PRODUCT = YES;
			};
			name = Release;
		};
		6A0210B61EFDC797001E8F5B /* Debug */ = {
			isa = XCBuildConfiguration;
			buildSettings = {
				ASSETCATALOG_COMPILER_APPICON_NAME = AppIcon;
				INFOPLIST_FILE = TGRefreshSwift/Info.plist;
				LD_RUNPATH_SEARCH_PATHS = "$(inherited) @executable_path/Frameworks";
				PRODUCT_BUNDLE_IDENTIFIER = net.targetcloud.TGRefreshSwift;
				PRODUCT_NAME = "$(TARGET_NAME)";
				SWIFT_VERSION = 3.0;
			};
			name = Debug;
		};
		6A0210B71EFDC797001E8F5B /* Release */ = {
			isa = XCBuildConfiguration;
			buildSettings = {
				ASSETCATALOG_COMPILER_APPICON_NAME = AppIcon;
				INFOPLIST_FILE = TGRefreshSwift/Info.plist;
				LD_RUNPATH_SEARCH_PATHS = "$(inherited) @executable_path/Frameworks";
				PRODUCT_BUNDLE_IDENTIFIER = net.targetcloud.TGRefreshSwift;
				PRODUCT_NAME = "$(TARGET_NAME)";
				SWIFT_VERSION = 3.0;
			};
			name = Release;
		};
/* End XCBuildConfiguration section */

/* Begin XCConfigurationList section */
		6A02109E1EFDC797001E8F5B /* Build configuration list for PBXProject "TGRefreshSwift" */ = {
			isa = XCConfigurationList;
			buildConfigurations = (
				6A0210B31EFDC797001E8F5B /* Debug */,
				6A0210B41EFDC797001E8F5B /* Release */,
			);
			defaultConfigurationIsVisible = 0;
			defaultConfigurationName = Release;
		};
		6A0210B51EFDC797001E8F5B /* Build configuration list for PBXNativeTarget "TGRefreshSwift" */ = {
			isa = XCConfigurationList;
			buildConfigurations = (
				6A0210B61EFDC797001E8F5B /* Debug */,
				6A0210B71EFDC797001E8F5B /* Release */,
			);
			defaultConfigurationIsVisible = 0;
		};
/* End XCConfigurationList section */
	};
	rootObject = 6A02109B1EFDC797001E8F5B /* Project object */;
}
